// !$*UTF8*$!
{
	archiveVersion = 1;
	classes = {
	};
	objectVersion = 56;
	objects = {

/* Begin PBXBuildFile section */
		703495042B70587E00662A64 /* EssentialFeed.docc in Sources */ = {isa = PBXBuildFile; fileRef = 703495032B70587E00662A64 /* EssentialFeed.docc */; };
		7034950A2B70587E00662A64 /* EssentialFeed.framework in Frameworks */ = {isa = PBXBuildFile; fileRef = 703494FF2B70587E00662A64 /* EssentialFeed.framework */; };
		7034950F2B70587E00662A64 /* EssentialFeedTests.swift in Sources */ = {isa = PBXBuildFile; fileRef = 7034950E2B70587E00662A64 /* EssentialFeedTests.swift */; };
		703495102B70587E00662A64 /* EssentialFeed.h in Headers */ = {isa = PBXBuildFile; fileRef = 703495022B70587E00662A64 /* EssentialFeed.h */; settings = {ATTRIBUTES = (Public, ); }; };
		7034951A2B70588F00662A64 /* FeedItem.swift in Sources */ = {isa = PBXBuildFile; fileRef = 703495192B70588F00662A64 /* FeedItem.swift */; };
		7034951C2B7058E000662A64 /* FeedLoader.swift in Sources */ = {isa = PBXBuildFile; fileRef = 7034951B2B7058E000662A64 /* FeedLoader.swift */; };
		7034951F2B716D2D00662A64 /* RemoteFeedloaderTests.swift in Sources */ = {isa = PBXBuildFile; fileRef = 7034951E2B716D2D00662A64 /* RemoteFeedloaderTests.swift */; };
		703495222B71A98900662A64 /* RemoteFeedLoader.swift in Sources */ = {isa = PBXBuildFile; fileRef = 703495212B71A98900662A64 /* RemoteFeedLoader.swift */; };
		D8C95F182B80DD6800A797B9 /* HTTPClient.swift in Sources */ = {isa = PBXBuildFile; fileRef = D8C95F172B80DD6800A797B9 /* HTTPClient.swift */; };
		D8C95F1A2B80DD9000A797B9 /* FeedItemsMapper.swift in Sources */ = {isa = PBXBuildFile; fileRef = D8C95F192B80DD9000A797B9 /* FeedItemsMapper.swift */; };
		D8C95F1D2B87B99D00A797B9 /* URLSessionHTTPClientTests.swift in Sources */ = {isa = PBXBuildFile; fileRef = D8C95F1C2B87B99D00A797B9 /* URLSessionHTTPClientTests.swift */; };
		D8C95F202B8FC6C000A797B9 /* XCTestCase+MemoryTracking.swift in Sources */ = {isa = PBXBuildFile; fileRef = D8C95F1F2B8FC6C000A797B9 /* XCTestCase+MemoryTracking.swift */; };
		D8C95F222B8FFF0300A797B9 /* URLSessionHTTPClient.swift in Sources */ = {isa = PBXBuildFile; fileRef = D8C95F212B8FFF0300A797B9 /* URLSessionHTTPClient.swift */; };
		D8C95F2A2B92677C00A797B9 /* EssentialFeedAPIEndtoEndTests.swift in Sources */ = {isa = PBXBuildFile; fileRef = D8C95F292B92677C00A797B9 /* EssentialFeedAPIEndtoEndTests.swift */; };
		D8C95F2B2B92677C00A797B9 /* EssentialFeed.framework in Frameworks */ = {isa = PBXBuildFile; fileRef = 703494FF2B70587E00662A64 /* EssentialFeed.framework */; };
		D8C95F312B927F0D00A797B9 /* XCTestCase+MemoryTracking.swift in Sources */ = {isa = PBXBuildFile; fileRef = D8C95F1F2B8FC6C000A797B9 /* XCTestCase+MemoryTracking.swift */; };
/* End PBXBuildFile section */

/* Begin PBXContainerItemProxy section */
		7034950B2B70587E00662A64 /* PBXContainerItemProxy */ = {
			isa = PBXContainerItemProxy;
			containerPortal = 703494F62B70587E00662A64 /* Project object */;
			proxyType = 1;
			remoteGlobalIDString = 703494FE2B70587E00662A64;
			remoteInfo = EssentialFeed;
		};
		D8C95F2C2B92677C00A797B9 /* PBXContainerItemProxy */ = {
			isa = PBXContainerItemProxy;
			containerPortal = 703494F62B70587E00662A64 /* Project object */;
			proxyType = 1;
			remoteGlobalIDString = 703494FE2B70587E00662A64;
			remoteInfo = EssentialFeed;
		};
/* End PBXContainerItemProxy section */

/* Begin PBXFileReference section */
		703494FF2B70587E00662A64 /* EssentialFeed.framework */ = {isa = PBXFileReference; explicitFileType = wrapper.framework; includeInIndex = 0; path = EssentialFeed.framework; sourceTree = BUILT_PRODUCTS_DIR; };
		703495022B70587E00662A64 /* EssentialFeed.h */ = {isa = PBXFileReference; lastKnownFileType = sourcecode.c.h; path = EssentialFeed.h; sourceTree = "<group>"; };
		703495032B70587E00662A64 /* EssentialFeed.docc */ = {isa = PBXFileReference; lastKnownFileType = folder.documentationcatalog; path = EssentialFeed.docc; sourceTree = "<group>"; };
		703495092B70587E00662A64 /* EssentialFeedTests.xctest */ = {isa = PBXFileReference; explicitFileType = wrapper.cfbundle; includeInIndex = 0; path = EssentialFeedTests.xctest; sourceTree = BUILT_PRODUCTS_DIR; };
		7034950E2B70587E00662A64 /* EssentialFeedTests.swift */ = {isa = PBXFileReference; lastKnownFileType = sourcecode.swift; path = EssentialFeedTests.swift; sourceTree = "<group>"; };
		703495192B70588F00662A64 /* FeedItem.swift */ = {isa = PBXFileReference; lastKnownFileType = sourcecode.swift; path = FeedItem.swift; sourceTree = "<group>"; };
		7034951B2B7058E000662A64 /* FeedLoader.swift */ = {isa = PBXFileReference; lastKnownFileType = sourcecode.swift; path = FeedLoader.swift; sourceTree = "<group>"; };
		7034951E2B716D2D00662A64 /* RemoteFeedloaderTests.swift */ = {isa = PBXFileReference; lastKnownFileType = sourcecode.swift; path = RemoteFeedloaderTests.swift; sourceTree = "<group>"; };
		703495212B71A98900662A64 /* RemoteFeedLoader.swift */ = {isa = PBXFileReference; lastKnownFileType = sourcecode.swift; path = RemoteFeedLoader.swift; sourceTree = "<group>"; };
		D8C95F172B80DD6800A797B9 /* HTTPClient.swift */ = {isa = PBXFileReference; lastKnownFileType = sourcecode.swift; path = HTTPClient.swift; sourceTree = "<group>"; };
		D8C95F192B80DD9000A797B9 /* FeedItemsMapper.swift */ = {isa = PBXFileReference; lastKnownFileType = sourcecode.swift; path = FeedItemsMapper.swift; sourceTree = "<group>"; };
		D8C95F1C2B87B99D00A797B9 /* URLSessionHTTPClientTests.swift */ = {isa = PBXFileReference; lastKnownFileType = sourcecode.swift; path = URLSessionHTTPClientTests.swift; sourceTree = "<group>"; };
		D8C95F1F2B8FC6C000A797B9 /* XCTestCase+MemoryTracking.swift */ = {isa = PBXFileReference; lastKnownFileType = sourcecode.swift; path = "XCTestCase+MemoryTracking.swift"; sourceTree = "<group>"; };
		D8C95F212B8FFF0300A797B9 /* URLSessionHTTPClient.swift */ = {isa = PBXFileReference; lastKnownFileType = sourcecode.swift; path = URLSessionHTTPClient.swift; sourceTree = "<group>"; };
		D8C95F272B92677C00A797B9 /* EssentialFeedAPIEndtoEndTests.xctest */ = {isa = PBXFileReference; explicitFileType = wrapper.cfbundle; includeInIndex = 0; path = EssentialFeedAPIEndtoEndTests.xctest; sourceTree = BUILT_PRODUCTS_DIR; };
		D8C95F292B92677C00A797B9 /* EssentialFeedAPIEndtoEndTests.swift */ = {isa = PBXFileReference; lastKnownFileType = sourcecode.swift; path = EssentialFeedAPIEndtoEndTests.swift; sourceTree = "<group>"; };
/* End PBXFileReference section */

/* Begin PBXFrameworksBuildPhase section */
		703494FC2B70587E00662A64 /* Frameworks */ = {
			isa = PBXFrameworksBuildPhase;
			buildActionMask = 2147483647;
			files = (
			);
			runOnlyForDeploymentPostprocessing = 0;
		};
		703495062B70587E00662A64 /* Frameworks */ = {
			isa = PBXFrameworksBuildPhase;
			buildActionMask = 2147483647;
			files = (
				7034950A2B70587E00662A64 /* EssentialFeed.framework in Frameworks */,
			);
			runOnlyForDeploymentPostprocessing = 0;
		};
		D8C95F242B92677C00A797B9 /* Frameworks */ = {
			isa = PBXFrameworksBuildPhase;
			buildActionMask = 2147483647;
			files = (
				D8C95F2B2B92677C00A797B9 /* EssentialFeed.framework in Frameworks */,
			);
			runOnlyForDeploymentPostprocessing = 0;
		};
/* End PBXFrameworksBuildPhase section */

/* Begin PBXGroup section */
		703494F52B70587E00662A64 = {
			isa = PBXGroup;
			children = (
				703495012B70587E00662A64 /* EssentialFeed */,
				7034950D2B70587E00662A64 /* EssentialFeedTests */,
				D8C95F282B92677C00A797B9 /* EssentialFeedAPIEndtoEndTests */,
				703495002B70587E00662A64 /* Products */,
			);
			sourceTree = "<group>";
		};
		703495002B70587E00662A64 /* Products */ = {
			isa = PBXGroup;
			children = (
				703494FF2B70587E00662A64 /* EssentialFeed.framework */,
				703495092B70587E00662A64 /* EssentialFeedTests.xctest */,
				D8C95F272B92677C00A797B9 /* EssentialFeedAPIEndtoEndTests.xctest */,
			);
			name = Products;
			sourceTree = "<group>";
		};
		703495012B70587E00662A64 /* EssentialFeed */ = {
			isa = PBXGroup;
			children = (
				703495202B71A96F00662A64 /* Feed API */,
				7034951D2B70594E00662A64 /* Feed feature */,
				703495022B70587E00662A64 /* EssentialFeed.h */,
				703495032B70587E00662A64 /* EssentialFeed.docc */,
			);
			path = EssentialFeed;
			sourceTree = "<group>";
		};
		7034950D2B70587E00662A64 /* EssentialFeedTests */ = {
			isa = PBXGroup;
			children = (
				D8C95F1E2B8FC69700A797B9 /* Helpers */,
				7034950E2B70587E00662A64 /* EssentialFeedTests.swift */,
				D8C95F1B2B812EC900A797B9 /* Feed API */,
			);
			path = EssentialFeedTests;
			sourceTree = "<group>";
		};
		7034951D2B70594E00662A64 /* Feed feature */ = {
			isa = PBXGroup;
			children = (
				703495192B70588F00662A64 /* FeedItem.swift */,
				7034951B2B7058E000662A64 /* FeedLoader.swift */,
			);
			path = "Feed feature";
			sourceTree = "<group>";
		};
		703495202B71A96F00662A64 /* Feed API */ = {
			isa = PBXGroup;
			children = (
				703495212B71A98900662A64 /* RemoteFeedLoader.swift */,
				D8C95F172B80DD6800A797B9 /* HTTPClient.swift */,
				D8C95F192B80DD9000A797B9 /* FeedItemsMapper.swift */,
				D8C95F212B8FFF0300A797B9 /* URLSessionHTTPClient.swift */,
			);
			path = "Feed API";
			sourceTree = "<group>";
		};
		D8C95F1B2B812EC900A797B9 /* Feed API */ = {
			isa = PBXGroup;
			children = (
				7034951E2B716D2D00662A64 /* RemoteFeedloaderTests.swift */,
				D8C95F1C2B87B99D00A797B9 /* URLSessionHTTPClientTests.swift */,
			);
			path = "Feed API";
			sourceTree = "<group>";
		};
		D8C95F1E2B8FC69700A797B9 /* Helpers */ = {
			isa = PBXGroup;
			children = (
				D8C95F1F2B8FC6C000A797B9 /* XCTestCase+MemoryTracking.swift */,
			);
			path = Helpers;
			sourceTree = "<group>";
		};
		D8C95F282B92677C00A797B9 /* EssentialFeedAPIEndtoEndTests */ = {
			isa = PBXGroup;
			children = (
				D8C95F292B92677C00A797B9 /* EssentialFeedAPIEndtoEndTests.swift */,
			);
			path = EssentialFeedAPIEndtoEndTests;
			sourceTree = "<group>";
		};
/* End PBXGroup section */

/* Begin PBXHeadersBuildPhase section */
		703494FA2B70587E00662A64 /* Headers */ = {
			isa = PBXHeadersBuildPhase;
			buildActionMask = 2147483647;
			files = (
				703495102B70587E00662A64 /* EssentialFeed.h in Headers */,
			);
			runOnlyForDeploymentPostprocessing = 0;
		};
/* End PBXHeadersBuildPhase section */

/* Begin PBXNativeTarget section */
		703494FE2B70587E00662A64 /* EssentialFeed */ = {
			isa = PBXNativeTarget;
			buildConfigurationList = 703495132B70587E00662A64 /* Build configuration list for PBXNativeTarget "EssentialFeed" */;
			buildPhases = (
				703494FA2B70587E00662A64 /* Headers */,
				703494FB2B70587E00662A64 /* Sources */,
				703494FC2B70587E00662A64 /* Frameworks */,
				703494FD2B70587E00662A64 /* Resources */,
			);
			buildRules = (
			);
			dependencies = (
			);
			name = EssentialFeed;
			productName = EssentialFeed;
			productReference = 703494FF2B70587E00662A64 /* EssentialFeed.framework */;
			productType = "com.apple.product-type.framework";
		};
		703495082B70587E00662A64 /* EssentialFeedTests */ = {
			isa = PBXNativeTarget;
			buildConfigurationList = 703495162B70587E00662A64 /* Build configuration list for PBXNativeTarget "EssentialFeedTests" */;
			buildPhases = (
				703495052B70587E00662A64 /* Sources */,
				703495062B70587E00662A64 /* Frameworks */,
				703495072B70587E00662A64 /* Resources */,
			);
			buildRules = (
			);
			dependencies = (
				7034950C2B70587E00662A64 /* PBXTargetDependency */,
			);
			name = EssentialFeedTests;
			productName = EssentialFeedTests;
			productReference = 703495092B70587E00662A64 /* EssentialFeedTests.xctest */;
			productType = "com.apple.product-type.bundle.unit-test";
		};
		D8C95F262B92677C00A797B9 /* EssentialFeedAPIEndtoEndTests */ = {
			isa = PBXNativeTarget;
			buildConfigurationList = D8C95F2E2B92677C00A797B9 /* Build configuration list for PBXNativeTarget "EssentialFeedAPIEndtoEndTests" */;
			buildPhases = (
				D8C95F232B92677C00A797B9 /* Sources */,
				D8C95F242B92677C00A797B9 /* Frameworks */,
				D8C95F252B92677C00A797B9 /* Resources */,
			);
			buildRules = (
			);
			dependencies = (
				D8C95F2D2B92677C00A797B9 /* PBXTargetDependency */,
			);
			name = EssentialFeedAPIEndtoEndTests;
			productName = EssentialFeedAPIEndtoEndTests;
			productReference = D8C95F272B92677C00A797B9 /* EssentialFeedAPIEndtoEndTests.xctest */;
			productType = "com.apple.product-type.bundle.unit-test";
		};
/* End PBXNativeTarget section */

/* Begin PBXProject section */
		703494F62B70587E00662A64 /* Project object */ = {
			isa = PBXProject;
			attributes = {
				BuildIndependentTargetsInParallel = 1;
				LastSwiftUpdateCheck = 1400;
				LastUpgradeCheck = 1520;
				TargetAttributes = {
					703494FE2B70587E00662A64 = {
						CreatedOnToolsVersion = 15.2;
					};
					703495082B70587E00662A64 = {
						CreatedOnToolsVersion = 15.2;
					};
					D8C95F262B92677C00A797B9 = {
						CreatedOnToolsVersion = 14.0.1;
					};
				};
			};
			buildConfigurationList = 703494F92B70587E00662A64 /* Build configuration list for PBXProject "EssentialFeed" */;
			compatibilityVersion = "Xcode 14.0";
			developmentRegion = en;
			hasScannedForEncodings = 0;
			knownRegions = (
				en,
				Base,
			);
			mainGroup = 703494F52B70587E00662A64;
			productRefGroup = 703495002B70587E00662A64 /* Products */;
			projectDirPath = "";
			projectRoot = "";
			targets = (
				703494FE2B70587E00662A64 /* EssentialFeed */,
				703495082B70587E00662A64 /* EssentialFeedTests */,
				D8C95F262B92677C00A797B9 /* EssentialFeedAPIEndtoEndTests */,
			);
		};
/* End PBXProject section */

/* Begin PBXResourcesBuildPhase section */
		703494FD2B70587E00662A64 /* Resources */ = {
			isa = PBXResourcesBuildPhase;
			buildActionMask = 2147483647;
			files = (
			);
			runOnlyForDeploymentPostprocessing = 0;
		};
		703495072B70587E00662A64 /* Resources */ = {
			isa = PBXResourcesBuildPhase;
			buildActionMask = 2147483647;
			files = (
			);
			runOnlyForDeploymentPostprocessing = 0;
		};
		D8C95F252B92677C00A797B9 /* Resources */ = {
			isa = PBXResourcesBuildPhase;
			buildActionMask = 2147483647;
			files = (
			);
			runOnlyForDeploymentPostprocessing = 0;
		};
/* End PBXResourcesBuildPhase section */

/* Begin PBXSourcesBuildPhase section */
		703494FB2B70587E00662A64 /* Sources */ = {
			isa = PBXSourcesBuildPhase;
			buildActionMask = 2147483647;
			files = (
				D8C95F222B8FFF0300A797B9 /* URLSessionHTTPClient.swift in Sources */,
				703495222B71A98900662A64 /* RemoteFeedLoader.swift in Sources */,
				D8C95F182B80DD6800A797B9 /* HTTPClient.swift in Sources */,
				7034951C2B7058E000662A64 /* FeedLoader.swift in Sources */,
				D8C95F1A2B80DD9000A797B9 /* FeedItemsMapper.swift in Sources */,
				7034951A2B70588F00662A64 /* FeedItem.swift in Sources */,
				703495042B70587E00662A64 /* EssentialFeed.docc in Sources */,
			);
			runOnlyForDeploymentPostprocessing = 0;
		};
		703495052B70587E00662A64 /* Sources */ = {
			isa = PBXSourcesBuildPhase;
			buildActionMask = 2147483647;
			files = (
				D8C95F202B8FC6C000A797B9 /* XCTestCase+MemoryTracking.swift in Sources */,
				7034951F2B716D2D00662A64 /* RemoteFeedloaderTests.swift in Sources */,
				D8C95F1D2B87B99D00A797B9 /* URLSessionHTTPClientTests.swift in Sources */,
				7034950F2B70587E00662A64 /* EssentialFeedTests.swift in Sources */,
			);
			runOnlyForDeploymentPostprocessing = 0;
		};
		D8C95F232B92677C00A797B9 /* Sources */ = {
			isa = PBXSourcesBuildPhase;
			buildActionMask = 2147483647;
			files = (
				D8C95F312B927F0D00A797B9 /* XCTestCase+MemoryTracking.swift in Sources */,
				D8C95F2A2B92677C00A797B9 /* EssentialFeedAPIEndtoEndTests.swift in Sources */,
			);
			runOnlyForDeploymentPostprocessing = 0;
		};
/* End PBXSourcesBuildPhase section */

/* Begin PBXTargetDependency section */
		7034950C2B70587E00662A64 /* PBXTargetDependency */ = {
			isa = PBXTargetDependency;
			target = 703494FE2B70587E00662A64 /* EssentialFeed */;
			targetProxy = 7034950B2B70587E00662A64 /* PBXContainerItemProxy */;
		};
		D8C95F2D2B92677C00A797B9 /* PBXTargetDependency */ = {
			isa = PBXTargetDependency;
			target = 703494FE2B70587E00662A64 /* EssentialFeed */;
			targetProxy = D8C95F2C2B92677C00A797B9 /* PBXContainerItemProxy */;
		};
/* End PBXTargetDependency section */

/* Begin XCBuildConfiguration section */
		703495112B70587E00662A64 /* Debug */ = {
			isa = XCBuildConfiguration;
			buildSettings = {
				ALWAYS_SEARCH_USER_PATHS = NO;
				ASSETCATALOG_COMPILER_GENERATE_SWIFT_ASSET_SYMBOL_EXTENSIONS = YES;
				CLANG_ANALYZER_NONNULL = YES;
				CLANG_ANALYZER_NUMBER_OBJECT_CONVERSION = YES_AGGRESSIVE;
				CLANG_CXX_LANGUAGE_STANDARD = "gnu++20";
				CLANG_ENABLE_MODULES = YES;
				CLANG_ENABLE_OBJC_ARC = YES;
				CLANG_ENABLE_OBJC_WEAK = YES;
				CLANG_WARN_BLOCK_CAPTURE_AUTORELEASING = YES;
				CLANG_WARN_BOOL_CONVERSION = YES;
				CLANG_WARN_COMMA = YES;
				CLANG_WARN_CONSTANT_CONVERSION = YES;
				CLANG_WARN_DEPRECATED_OBJC_IMPLEMENTATIONS = YES;
				CLANG_WARN_DIRECT_OBJC_ISA_USAGE = YES_ERROR;
				CLANG_WARN_DOCUMENTATION_COMMENTS = YES;
				CLANG_WARN_EMPTY_BODY = YES;
				CLANG_WARN_ENUM_CONVERSION = YES;
				CLANG_WARN_INFINITE_RECURSION = YES;
				CLANG_WARN_INT_CONVERSION = YES;
				CLANG_WARN_NON_LITERAL_NULL_CONVERSION = YES;
				CLANG_WARN_OBJC_IMPLICIT_RETAIN_SELF = YES;
				CLANG_WARN_OBJC_LITERAL_CONVERSION = YES;
				CLANG_WARN_OBJC_ROOT_CLASS = YES_ERROR;
				CLANG_WARN_QUOTED_INCLUDE_IN_FRAMEWORK_HEADER = YES;
				CLANG_WARN_RANGE_LOOP_ANALYSIS = YES;
				CLANG_WARN_STRICT_PROTOTYPES = YES;
				CLANG_WARN_SUSPICIOUS_MOVE = YES;
				CLANG_WARN_UNGUARDED_AVAILABILITY = YES_AGGRESSIVE;
				CLANG_WARN_UNREACHABLE_CODE = YES;
				CLANG_WARN__DUPLICATE_METHOD_MATCH = YES;
				COPY_PHASE_STRIP = NO;
				CURRENT_PROJECT_VERSION = 1;
				DEBUG_INFORMATION_FORMAT = dwarf;
				ENABLE_STRICT_OBJC_MSGSEND = YES;
				ENABLE_TESTABILITY = YES;
				ENABLE_USER_SCRIPT_SANDBOXING = YES;
				GCC_C_LANGUAGE_STANDARD = gnu17;
				GCC_DYNAMIC_NO_PIC = NO;
				GCC_NO_COMMON_BLOCKS = YES;
				GCC_OPTIMIZATION_LEVEL = 0;
				GCC_PREPROCESSOR_DEFINITIONS = (
					"DEBUG=1",
					"$(inherited)",
				);
				GCC_WARN_64_TO_32_BIT_CONVERSION = YES;
				GCC_WARN_ABOUT_RETURN_TYPE = YES_ERROR;
				GCC_WARN_UNDECLARED_SELECTOR = YES;
				GCC_WARN_UNINITIALIZED_AUTOS = YES_AGGRESSIVE;
				GCC_WARN_UNUSED_FUNCTION = YES;
				GCC_WARN_UNUSED_VARIABLE = YES;
				LOCALIZATION_PREFERS_STRING_CATALOGS = YES;
				MACOSX_DEPLOYMENT_TARGET = 14.2;
				MTL_ENABLE_DEBUG_INFO = INCLUDE_SOURCE;
				MTL_FAST_MATH = YES;
				ONLY_ACTIVE_ARCH = YES;
				SDKROOT = macosx;
				SWIFT_ACTIVE_COMPILATION_CONDITIONS = "DEBUG $(inherited)";
				SWIFT_OPTIMIZATION_LEVEL = "-Onone";
				VERSIONING_SYSTEM = "apple-generic";
				VERSION_INFO_PREFIX = "";
			};
			name = Debug;
		};
		703495122B70587E00662A64 /* Release */ = {
			isa = XCBuildConfiguration;
			buildSettings = {
				ALWAYS_SEARCH_USER_PATHS = NO;
				ASSETCATALOG_COMPILER_GENERATE_SWIFT_ASSET_SYMBOL_EXTENSIONS = YES;
				CLANG_ANALYZER_NONNULL = YES;
				CLANG_ANALYZER_NUMBER_OBJECT_CONVERSION = YES_AGGRESSIVE;
				CLANG_CXX_LANGUAGE_STANDARD = "gnu++20";
				CLANG_ENABLE_MODULES = YES;
				CLANG_ENABLE_OBJC_ARC = YES;
				CLANG_ENABLE_OBJC_WEAK = YES;
				CLANG_WARN_BLOCK_CAPTURE_AUTORELEASING = YES;
				CLANG_WARN_BOOL_CONVERSION = YES;
				CLANG_WARN_COMMA = YES;
				CLANG_WARN_CONSTANT_CONVERSION = YES;
				CLANG_WARN_DEPRECATED_OBJC_IMPLEMENTATIONS = YES;
				CLANG_WARN_DIRECT_OBJC_ISA_USAGE = YES_ERROR;
				CLANG_WARN_DOCUMENTATION_COMMENTS = YES;
				CLANG_WARN_EMPTY_BODY = YES;
				CLANG_WARN_ENUM_CONVERSION = YES;
				CLANG_WARN_INFINITE_RECURSION = YES;
				CLANG_WARN_INT_CONVERSION = YES;
				CLANG_WARN_NON_LITERAL_NULL_CONVERSION = YES;
				CLANG_WARN_OBJC_IMPLICIT_RETAIN_SELF = YES;
				CLANG_WARN_OBJC_LITERAL_CONVERSION = YES;
				CLANG_WARN_OBJC_ROOT_CLASS = YES_ERROR;
				CLANG_WARN_QUOTED_INCLUDE_IN_FRAMEWORK_HEADER = YES;
				CLANG_WARN_RANGE_LOOP_ANALYSIS = YES;
				CLANG_WARN_STRICT_PROTOTYPES = YES;
				CLANG_WARN_SUSPICIOUS_MOVE = YES;
				CLANG_WARN_UNGUARDED_AVAILABILITY = YES_AGGRESSIVE;
				CLANG_WARN_UNREACHABLE_CODE = YES;
				CLANG_WARN__DUPLICATE_METHOD_MATCH = YES;
				COPY_PHASE_STRIP = NO;
				CURRENT_PROJECT_VERSION = 1;
				DEBUG_INFORMATION_FORMAT = "dwarf-with-dsym";
				ENABLE_NS_ASSERTIONS = NO;
				ENABLE_STRICT_OBJC_MSGSEND = YES;
				ENABLE_USER_SCRIPT_SANDBOXING = YES;
				GCC_C_LANGUAGE_STANDARD = gnu17;
				GCC_NO_COMMON_BLOCKS = YES;
				GCC_WARN_64_TO_32_BIT_CONVERSION = YES;
				GCC_WARN_ABOUT_RETURN_TYPE = YES_ERROR;
				GCC_WARN_UNDECLARED_SELECTOR = YES;
				GCC_WARN_UNINITIALIZED_AUTOS = YES_AGGRESSIVE;
				GCC_WARN_UNUSED_FUNCTION = YES;
				GCC_WARN_UNUSED_VARIABLE = YES;
				LOCALIZATION_PREFERS_STRING_CATALOGS = YES;
				MACOSX_DEPLOYMENT_TARGET = 14.2;
				MTL_ENABLE_DEBUG_INFO = NO;
				MTL_FAST_MATH = YES;
				SDKROOT = macosx;
				SWIFT_COMPILATION_MODE = wholemodule;
				VERSIONING_SYSTEM = "apple-generic";
				VERSION_INFO_PREFIX = "";
			};
			name = Release;
		};
		703495142B70587E00662A64 /* Debug */ = {
			isa = XCBuildConfiguration;
			buildSettings = {
				"CODE_SIGN_IDENTITY[sdk=macosx*]" = "Apple Development";
				CODE_SIGN_STYLE = Automatic;
				COMBINE_HIDPI_IMAGES = YES;
				CURRENT_PROJECT_VERSION = 1;
				DEFINES_MODULE = YES;
				DEVELOPMENT_TEAM = R4C4U48DX7;
				DYLIB_COMPATIBILITY_VERSION = 1;
				DYLIB_CURRENT_VERSION = 1;
				DYLIB_INSTALL_NAME_BASE = "@rpath";
				ENABLE_MODULE_VERIFIER = YES;
				GENERATE_INFOPLIST_FILE = YES;
				INFOPLIST_KEY_NSHumanReadableCopyright = "";
				INSTALL_PATH = "$(LOCAL_LIBRARY_DIR)/Frameworks";
				LD_RUNPATH_SEARCH_PATHS = (
					"$(inherited)",
					"@executable_path/../Frameworks",
					"@loader_path/Frameworks",
				);
				MACOSX_DEPLOYMENT_TARGET = 12.3;
				MARKETING_VERSION = 1.0;
				MODULE_VERIFIER_SUPPORTED_LANGUAGES = "objective-c objective-c++";
				MODULE_VERIFIER_SUPPORTED_LANGUAGE_STANDARDS = "gnu17 gnu++20";
				PRODUCT_BUNDLE_IDENTIFIER = com.kouv.EssentialFeed;
				PRODUCT_NAME = "$(TARGET_NAME:c99extidentifier)";
				SKIP_INSTALL = YES;
				SWIFT_EMIT_LOC_STRINGS = YES;
				SWIFT_VERSION = 5.0;
			};
			name = Debug;
		};
		703495152B70587E00662A64 /* Release */ = {
			isa = XCBuildConfiguration;
			buildSettings = {
				"CODE_SIGN_IDENTITY[sdk=macosx*]" = "Apple Development";
				CODE_SIGN_STYLE = Automatic;
				COMBINE_HIDPI_IMAGES = YES;
				CURRENT_PROJECT_VERSION = 1;
				DEFINES_MODULE = YES;
				DEVELOPMENT_TEAM = R4C4U48DX7;
				DYLIB_COMPATIBILITY_VERSION = 1;
				DYLIB_CURRENT_VERSION = 1;
				DYLIB_INSTALL_NAME_BASE = "@rpath";
				ENABLE_MODULE_VERIFIER = YES;
				GENERATE_INFOPLIST_FILE = YES;
				INFOPLIST_KEY_NSHumanReadableCopyright = "";
				INSTALL_PATH = "$(LOCAL_LIBRARY_DIR)/Frameworks";
				LD_RUNPATH_SEARCH_PATHS = (
					"$(inherited)",
					"@executable_path/../Frameworks",
					"@loader_path/Frameworks",
				);
				MACOSX_DEPLOYMENT_TARGET = 12.3;
				MARKETING_VERSION = 1.0;
				MODULE_VERIFIER_SUPPORTED_LANGUAGES = "objective-c objective-c++";
				MODULE_VERIFIER_SUPPORTED_LANGUAGE_STANDARDS = "gnu17 gnu++20";
				PRODUCT_BUNDLE_IDENTIFIER = com.kouv.EssentialFeed;
				PRODUCT_NAME = "$(TARGET_NAME:c99extidentifier)";
				SKIP_INSTALL = YES;
				SWIFT_EMIT_LOC_STRINGS = YES;
				SWIFT_VERSION = 5.0;
			};
			name = Release;
		};
		703495172B70587E00662A64 /* Debug */ = {
			isa = XCBuildConfiguration;
			buildSettings = {
				ALWAYS_EMBED_SWIFT_STANDARD_LIBRARIES = YES;
				CODE_SIGN_STYLE = Automatic;
				CURRENT_PROJECT_VERSION = 1;
				DEVELOPMENT_TEAM = R4C4U48DX7;
				GENERATE_INFOPLIST_FILE = YES;
				MACOSX_DEPLOYMENT_TARGET = 12.3;
				MARKETING_VERSION = 1.0;
				PRODUCT_BUNDLE_IDENTIFIER = com.kouv.EssentialFeedTests;
				PRODUCT_NAME = "$(TARGET_NAME)";
				SWIFT_EMIT_LOC_STRINGS = NO;
				SWIFT_VERSION = 5.0;
			};
			name = Debug;
		};
		703495182B70587E00662A64 /* Release */ = {
			isa = XCBuildConfiguration;
			buildSettings = {
				ALWAYS_EMBED_SWIFT_STANDARD_LIBRARIES = YES;
				CODE_SIGN_STYLE = Automatic;
				CURRENT_PROJECT_VERSION = 1;
				DEVELOPMENT_TEAM = R4C4U48DX7;
				GENERATE_INFOPLIST_FILE = YES;
				MACOSX_DEPLOYMENT_TARGET = 12.3;
				MARKETING_VERSION = 1.0;
				PRODUCT_BUNDLE_IDENTIFIER = com.kouv.EssentialFeedTests;
				PRODUCT_NAME = "$(TARGET_NAME)";
				SWIFT_EMIT_LOC_STRINGS = NO;
				SWIFT_VERSION = 5.0;
			};
			name = Release;
		};
		D8C95F2F2B92677C00A797B9 /* Debug */ = {
			isa = XCBuildConfiguration;
			buildSettings = {
				CODE_SIGN_STYLE = Automatic;
				CURRENT_PROJECT_VERSION = 1;
				DEVELOPMENT_TEAM = R4C4U48DX7;
				GCC_C_LANGUAGE_STANDARD = gnu11;
				GENERATE_INFOPLIST_FILE = YES;
				MACOSX_DEPLOYMENT_TARGET = 12.3;
				MARKETING_VERSION = 1.0;
				PRODUCT_BUNDLE_IDENTIFIER = com.kouv.EssentialFeedAPIEndtoEndTests;
				PRODUCT_NAME = "$(TARGET_NAME)";
				SWIFT_ACTIVE_COMPILATION_CONDITIONS = DEBUG;
				SWIFT_EMIT_LOC_STRINGS = NO;
				SWIFT_VERSION = 5.0;
			};
			name = Debug;
		};
		D8C95F302B92677C00A797B9 /* Release */ = {
			isa = XCBuildConfiguration;
			buildSettings = {
				CODE_SIGN_STYLE = Automatic;
				CURRENT_PROJECT_VERSION = 1;
				DEVELOPMENT_TEAM = R4C4U48DX7;
				GCC_C_LANGUAGE_STANDARD = gnu11;
				GENERATE_INFOPLIST_FILE = YES;
				MACOSX_DEPLOYMENT_TARGET = 12.3;
				MARKETING_VERSION = 1.0;
				PRODUCT_BUNDLE_IDENTIFIER = com.kouv.EssentialFeedAPIEndtoEndTests;
				PRODUCT_NAME = "$(TARGET_NAME)";
				SWIFT_EMIT_LOC_STRINGS = NO;
				SWIFT_OPTIMIZATION_LEVEL = "-O";
				SWIFT_VERSION = 5.0;
			};
			name = Release;
		};
/* End XCBuildConfiguration section */

/* Begin XCConfigurationList section */
		703494F92B70587E00662A64 /* Build configuration list for PBXProject "EssentialFeed" */ = {
			isa = XCConfigurationList;
			buildConfigurations = (
				703495112B70587E00662A64 /* Debug */,
				703495122B70587E00662A64 /* Release */,
			);
			defaultConfigurationIsVisible = 0;
			defaultConfigurationName = Release;
		};
		703495132B70587E00662A64 /* Build configuration list for PBXNativeTarget "EssentialFeed" */ = {
			isa = XCConfigurationList;
			buildConfigurations = (
				703495142B70587E00662A64 /* Debug */,
				703495152B70587E00662A64 /* Release */,
			);
			defaultConfigurationIsVisible = 0;
			defaultConfigurationName = Release;
		};
		703495162B70587E00662A64 /* Build configuration list for PBXNativeTarget "EssentialFeedTests" */ = {
			isa = XCConfigurationList;
			buildConfigurations = (
				703495172B70587E00662A64 /* Debug */,
				703495182B70587E00662A64 /* Release */,
			);
			defaultConfigurationIsVisible = 0;
			defaultConfigurationName = Release;
		};
		D8C95F2E2B92677C00A797B9 /* Build configuration list for PBXNativeTarget "EssentialFeedAPIEndtoEndTests" */ = {
			isa = XCConfigurationList;
			buildConfigurations = (
				D8C95F2F2B92677C00A797B9 /* Debug */,
				D8C95F302B92677C00A797B9 /* Release */,
			);
			defaultConfigurationIsVisible = 0;
			defaultConfigurationName = Release;
		};
/* End XCConfigurationList section */
	};
	rootObject = 703494F62B70587E00662A64 /* Project object */;
}
